// !$*UTF8*$!
{
	archiveVersion = 1;
	classes = {
	};
	objectVersion = 46;
	objects = {

/* Begin PBXBuildFile section */
		7903B5D81E7CB7A300160352 /* AppDelegate.swift in Sources */ = {isa = PBXBuildFile; fileRef = 7903B5D71E7CB7A300160352 /* AppDelegate.swift */; };
		7903B5DA1E7CB7A300160352 /* ViewController.swift in Sources */ = {isa = PBXBuildFile; fileRef = 7903B5D91E7CB7A300160352 /* ViewController.swift */; };
		7903B5DD1E7CB7A300160352 /* Main.storyboard in Resources */ = {isa = PBXBuildFile; fileRef = 7903B5DB1E7CB7A300160352 /* Main.storyboard */; };
		7903B5DF1E7CB7A300160352 /* Assets.xcassets in Resources */ = {isa = PBXBuildFile; fileRef = 7903B5DE1E7CB7A300160352 /* Assets.xcassets */; };
		7903B5E21E7CB7A300160352 /* LaunchScreen.storyboard in Resources */ = {isa = PBXBuildFile; fileRef = 7903B5E01E7CB7A300160352 /* LaunchScreen.storyboard */; };
		79567F9A1E7D8CB70006435B /* CryptoSwift.framework in Frameworks */ = {isa = PBXBuildFile; fileRef = 79567F991E7D8CB70006435B /* CryptoSwift.framework */; };
		79567F9C1E7D8CC50006435B /* CryptoSwift.framework in Frameworks */ = {isa = PBXBuildFile; fileRef = 79567F991E7D8CB70006435B /* CryptoSwift.framework */; };
		79567F9D1E7D8CC50006435B /* CryptoSwift.framework in Embed Frameworks */ = {isa = PBXBuildFile; fileRef = 79567F991E7D8CB70006435B /* CryptoSwift.framework */; settings = {ATTRIBUTES = (CodeSignOnCopy, RemoveHeadersOnCopy, ); }; };
		798CAD7C1E7A3FFA00D3C0C7 /* Bumbo.h in Headers */ = {isa = PBXBuildFile; fileRef = 798CAD7A1E7A3FFA00D3C0C7 /* Bumbo.h */; settings = {ATTRIBUTES = (Public, ); }; };
		798CAD861E7A405200D3C0C7 /* Builder.swift in Sources */ = {isa = PBXBuildFile; fileRef = 798CAD821E7A405200D3C0C7 /* Builder.swift */; };
		798CAD871E7A405200D3C0C7 /* Bumbo.swift in Sources */ = {isa = PBXBuildFile; fileRef = 798CAD831E7A405200D3C0C7 /* Bumbo.swift */; };
		798CAD881E7A405200D3C0C7 /* Extensions.swift in Sources */ = {isa = PBXBuildFile; fileRef = 798CAD841E7A405200D3C0C7 /* Extensions.swift */; };
		798CAD891E7A405200D3C0C7 /* Filters.swift in Sources */ = {isa = PBXBuildFile; fileRef = 798CAD851E7A405200D3C0C7 /* Filters.swift */; };
		79FE85411F6249760010B20A /* Bumbo.framework in Frameworks */ = {isa = PBXBuildFile; fileRef = 798CAD771E7A3FFA00D3C0C7 /* Bumbo.framework */; };
		79FE854A1F62499E0010B20A /* BuilderSpec.swift in Sources */ = {isa = PBXBuildFile; fileRef = 79FE85471F62499E0010B20A /* BuilderSpec.swift */; };
		79FE854B1F62499E0010B20A /* BumboSpec.swift in Sources */ = {isa = PBXBuildFile; fileRef = 79FE85481F62499E0010B20A /* BumboSpec.swift */; };
		79FE854C1F62499E0010B20A /* FiltersSpec.swift in Sources */ = {isa = PBXBuildFile; fileRef = 79FE85491F62499E0010B20A /* FiltersSpec.swift */; };
/* End PBXBuildFile section */

/* Begin PBXContainerItemProxy section */
		7903B5FD1E7CC7B500160352 /* PBXContainerItemProxy */ = {
			isa = PBXContainerItemProxy;
			containerPortal = 798CAD6E1E7A3FFA00D3C0C7 /* Project object */;
			proxyType = 1;
			remoteGlobalIDString = 798CAD761E7A3FFA00D3C0C7;
			remoteInfo = Bumbo;
		};
		79FE85421F6249760010B20A /* PBXContainerItemProxy */ = {
			isa = PBXContainerItemProxy;
			containerPortal = 798CAD6E1E7A3FFA00D3C0C7 /* Project object */;
			proxyType = 1;
			remoteGlobalIDString = 798CAD761E7A3FFA00D3C0C7;
			remoteInfo = Bumbo;
		};
/* End PBXContainerItemProxy section */

/* Begin PBXCopyFilesBuildPhase section */
		7903B5F71E7CB8B900160352 /* Embed Frameworks */ = {
			isa = PBXCopyFilesBuildPhase;
			buildActionMask = 2147483647;
			dstPath = "";
			dstSubfolderSpec = 10;
			files = (
				79567F9D1E7D8CC50006435B /* CryptoSwift.framework in Embed Frameworks */,
			);
			name = "Embed Frameworks";
			runOnlyForDeploymentPostprocessing = 0;
		};
/* End PBXCopyFilesBuildPhase section */

/* Begin PBXFileReference section */
		7903B5D51E7CB7A300160352 /* Example.app */ = {isa = PBXFileReference; explicitFileType = wrapper.application; includeInIndex = 0; path = Example.app; sourceTree = BUILT_PRODUCTS_DIR; };
		7903B5D71E7CB7A300160352 /* AppDelegate.swift */ = {isa = PBXFileReference; lastKnownFileType = sourcecode.swift; path = AppDelegate.swift; sourceTree = "<group>"; };
		7903B5D91E7CB7A300160352 /* ViewController.swift */ = {isa = PBXFileReference; lastKnownFileType = sourcecode.swift; path = ViewController.swift; sourceTree = "<group>"; };
		7903B5DC1E7CB7A300160352 /* Base */ = {isa = PBXFileReference; lastKnownFileType = file.storyboard; name = Base; path = Base.lproj/Main.storyboard; sourceTree = "<group>"; };
		7903B5DE1E7CB7A300160352 /* Assets.xcassets */ = {isa = PBXFileReference; lastKnownFileType = folder.assetcatalog; path = Assets.xcassets; sourceTree = "<group>"; };
		7903B5E11E7CB7A300160352 /* Base */ = {isa = PBXFileReference; lastKnownFileType = file.storyboard; name = Base; path = Base.lproj/LaunchScreen.storyboard; sourceTree = "<group>"; };
		7903B5E31E7CB7A300160352 /* Info.plist */ = {isa = PBXFileReference; lastKnownFileType = text.plist.xml; path = Info.plist; sourceTree = "<group>"; };
		79567F991E7D8CB70006435B /* CryptoSwift.framework */ = {isa = PBXFileReference; lastKnownFileType = wrapper.framework; name = CryptoSwift.framework; path = Carthage/Build/iOS/CryptoSwift.framework; sourceTree = "<group>"; };
		798CAD771E7A3FFA00D3C0C7 /* Bumbo.framework */ = {isa = PBXFileReference; explicitFileType = wrapper.framework; includeInIndex = 0; path = Bumbo.framework; sourceTree = BUILT_PRODUCTS_DIR; };
		798CAD7A1E7A3FFA00D3C0C7 /* Bumbo.h */ = {isa = PBXFileReference; lastKnownFileType = sourcecode.c.h; path = Bumbo.h; sourceTree = "<group>"; };
		798CAD7B1E7A3FFA00D3C0C7 /* Info.plist */ = {isa = PBXFileReference; lastKnownFileType = text.plist.xml; path = Info.plist; sourceTree = "<group>"; };
		798CAD821E7A405200D3C0C7 /* Builder.swift */ = {isa = PBXFileReference; fileEncoding = 4; lastKnownFileType = sourcecode.swift; path = Builder.swift; sourceTree = "<group>"; };
		798CAD831E7A405200D3C0C7 /* Bumbo.swift */ = {isa = PBXFileReference; fileEncoding = 4; lastKnownFileType = sourcecode.swift; path = Bumbo.swift; sourceTree = "<group>"; };
		798CAD841E7A405200D3C0C7 /* Extensions.swift */ = {isa = PBXFileReference; fileEncoding = 4; lastKnownFileType = sourcecode.swift; path = Extensions.swift; sourceTree = "<group>"; };
		798CAD851E7A405200D3C0C7 /* Filters.swift */ = {isa = PBXFileReference; fileEncoding = 4; lastKnownFileType = sourcecode.swift; path = Filters.swift; sourceTree = "<group>"; };
		79FE853C1F6249760010B20A /* BumboTests.xctest */ = {isa = PBXFileReference; explicitFileType = wrapper.cfbundle; includeInIndex = 0; path = BumboTests.xctest; sourceTree = BUILT_PRODUCTS_DIR; };
		79FE85401F6249760010B20A /* Info.plist */ = {isa = PBXFileReference; lastKnownFileType = text.plist.xml; path = Info.plist; sourceTree = "<group>"; };
		79FE85471F62499E0010B20A /* BuilderSpec.swift */ = {isa = PBXFileReference; fileEncoding = 4; lastKnownFileType = sourcecode.swift; path = BuilderSpec.swift; sourceTree = "<group>"; };
		79FE85481F62499E0010B20A /* BumboSpec.swift */ = {isa = PBXFileReference; fileEncoding = 4; lastKnownFileType = sourcecode.swift; path = BumboSpec.swift; sourceTree = "<group>"; };
		79FE85491F62499E0010B20A /* FiltersSpec.swift */ = {isa = PBXFileReference; fileEncoding = 4; lastKnownFileType = sourcecode.swift; path = FiltersSpec.swift; sourceTree = "<group>"; };
		79FE85501F6249FE0010B20A /* Nimble.framework */ = {isa = PBXFileReference; lastKnownFileType = wrapper.framework; name = Nimble.framework; path = Carthage/Build/iOS/Nimble.framework; sourceTree = "<group>"; };
		79FE85511F6249FE0010B20A /* Quick.framework */ = {isa = PBXFileReference; lastKnownFileType = wrapper.framework; name = Quick.framework; path = Carthage/Build/iOS/Quick.framework; sourceTree = "<group>"; };
/* End PBXFileReference section */

/* Begin PBXFrameworksBuildPhase section */
		7903B5D21E7CB7A300160352 /* Frameworks */ = {
			isa = PBXFrameworksBuildPhase;
			buildActionMask = 2147483647;
			files = (
				79567F9C1E7D8CC50006435B /* CryptoSwift.framework in Frameworks */,
			);
			runOnlyForDeploymentPostprocessing = 0;
		};
		798CAD731E7A3FFA00D3C0C7 /* Frameworks */ = {
			isa = PBXFrameworksBuildPhase;
			buildActionMask = 2147483647;
			files = (
				79567F9A1E7D8CB70006435B /* CryptoSwift.framework in Frameworks */,
			);
			runOnlyForDeploymentPostprocessing = 0;
		};
		79FE85391F6249760010B20A /* Frameworks */ = {
			isa = PBXFrameworksBuildPhase;
			buildActionMask = 2147483647;
			files = (
				79FE85411F6249760010B20A /* Bumbo.framework in Frameworks */,
			);
			runOnlyForDeploymentPostprocessing = 0;
		};
/* End PBXFrameworksBuildPhase section */

/* Begin PBXGroup section */
		7903B5D61E7CB7A300160352 /* Example */ = {
			isa = PBXGroup;
			children = (
				7903B5D71E7CB7A300160352 /* AppDelegate.swift */,
				7903B5D91E7CB7A300160352 /* ViewController.swift */,
				7903B5DB1E7CB7A300160352 /* Main.storyboard */,
				7903B5DE1E7CB7A300160352 /* Assets.xcassets */,
				7903B5E01E7CB7A300160352 /* LaunchScreen.storyboard */,
				7903B5E31E7CB7A300160352 /* Info.plist */,
			);
			path = Example;
			sourceTree = "<group>";
		};
		798CAD6D1E7A3FFA00D3C0C7 = {
			isa = PBXGroup;
			children = (
				798CAD791E7A3FFA00D3C0C7 /* Bumbo */,
				7903B5D61E7CB7A300160352 /* Example */,
				79FE853D1F6249760010B20A /* BumboTests */,
				798CAD781E7A3FFA00D3C0C7 /* Products */,
				DA9FDAB27C3FB10DC0439934 /* Frameworks */,
			);
			sourceTree = "<group>";
		};
		798CAD781E7A3FFA00D3C0C7 /* Products */ = {
			isa = PBXGroup;
			children = (
				798CAD771E7A3FFA00D3C0C7 /* Bumbo.framework */,
				7903B5D51E7CB7A300160352 /* Example.app */,
				79FE853C1F6249760010B20A /* BumboTests.xctest */,
			);
			name = Products;
			sourceTree = "<group>";
		};
		798CAD791E7A3FFA00D3C0C7 /* Bumbo */ = {
			isa = PBXGroup;
			children = (
				798CAD821E7A405200D3C0C7 /* Builder.swift */,
				798CAD831E7A405200D3C0C7 /* Bumbo.swift */,
				798CAD841E7A405200D3C0C7 /* Extensions.swift */,
				798CAD851E7A405200D3C0C7 /* Filters.swift */,
				798CAD7A1E7A3FFA00D3C0C7 /* Bumbo.h */,
				798CAD7B1E7A3FFA00D3C0C7 /* Info.plist */,
			);
			path = Bumbo;
			sourceTree = "<group>";
		};
		79FE853D1F6249760010B20A /* BumboTests */ = {
			isa = PBXGroup;
			children = (
				79FE85471F62499E0010B20A /* BuilderSpec.swift */,
				79FE85481F62499E0010B20A /* BumboSpec.swift */,
				79FE85491F62499E0010B20A /* FiltersSpec.swift */,
				79FE85401F6249760010B20A /* Info.plist */,
			);
			path = BumboTests;
			sourceTree = "<group>";
		};
		DA9FDAB27C3FB10DC0439934 /* Frameworks */ = {
			isa = PBXGroup;
			children = (
				79567F991E7D8CB70006435B /* CryptoSwift.framework */,
				79FE85501F6249FE0010B20A /* Nimble.framework */,
				79FE85511F6249FE0010B20A /* Quick.framework */,
			);
			name = Frameworks;
			sourceTree = "<group>";
		};
/* End PBXGroup section */

/* Begin PBXHeadersBuildPhase section */
		798CAD741E7A3FFA00D3C0C7 /* Headers */ = {
			isa = PBXHeadersBuildPhase;
			buildActionMask = 2147483647;
			files = (
				798CAD7C1E7A3FFA00D3C0C7 /* Bumbo.h in Headers */,
			);
			runOnlyForDeploymentPostprocessing = 0;
		};
/* End PBXHeadersBuildPhase section */

/* Begin PBXNativeTarget section */
		7903B5D41E7CB7A300160352 /* Example */ = {
			isa = PBXNativeTarget;
			buildConfigurationList = 7903B5E41E7CB7A300160352 /* Build configuration list for PBXNativeTarget "Example" */;
			buildPhases = (
				7903B5D11E7CB7A300160352 /* Sources */,
				7903B5D21E7CB7A300160352 /* Frameworks */,
				7903B5D31E7CB7A300160352 /* Resources */,
				7903B5F71E7CB8B900160352 /* Embed Frameworks */,
			);
			buildRules = (
			);
			dependencies = (
				7903B5FE1E7CC7B500160352 /* PBXTargetDependency */,
			);
			name = Example;
			productName = Example;
			productReference = 7903B5D51E7CB7A300160352 /* Example.app */;
			productType = "com.apple.product-type.application";
		};
		798CAD761E7A3FFA00D3C0C7 /* Bumbo */ = {
			isa = PBXNativeTarget;
			buildConfigurationList = 798CAD7F1E7A3FFA00D3C0C7 /* Build configuration list for PBXNativeTarget "Bumbo" */;
			buildPhases = (
				798CAD721E7A3FFA00D3C0C7 /* Sources */,
				798CAD731E7A3FFA00D3C0C7 /* Frameworks */,
				798CAD741E7A3FFA00D3C0C7 /* Headers */,
				798CAD751E7A3FFA00D3C0C7 /* Resources */,
			);
			buildRules = (
			);
			dependencies = (
			);
			name = Bumbo;
			productName = Bumbo;
			productReference = 798CAD771E7A3FFA00D3C0C7 /* Bumbo.framework */;
			productType = "com.apple.product-type.framework";
		};
		79FE853B1F6249760010B20A /* BumboTests */ = {
			isa = PBXNativeTarget;
			buildConfigurationList = 79FE85461F6249760010B20A /* Build configuration list for PBXNativeTarget "BumboTests" */;
			buildPhases = (
				79FE85381F6249760010B20A /* Sources */,
				79FE85391F6249760010B20A /* Frameworks */,
				79FE853A1F6249760010B20A /* Resources */,
				79E9BD191F6253D300BFDF4C /* Copy Carthage Frameworks */,
			);
			buildRules = (
			);
			dependencies = (
				79FE85431F6249760010B20A /* PBXTargetDependency */,
			);
			name = BumboTests;
			productName = BumboTests;
			productReference = 79FE853C1F6249760010B20A /* BumboTests.xctest */;
			productType = "com.apple.product-type.bundle.unit-test";
		};
/* End PBXNativeTarget section */

/* Begin PBXProject section */
		798CAD6E1E7A3FFA00D3C0C7 /* Project object */ = {
			isa = PBXProject;
			attributes = {
				LastSwiftUpdateCheck = 0830;
				LastUpgradeCheck = 1020;
				ORGANIZATIONNAME = "Guilherme Araújo";
				TargetAttributes = {
					7903B5D41E7CB7A300160352 = {
						CreatedOnToolsVersion = 8.2.1;
						LastSwiftMigration = 0920;
						ProvisioningStyle = Manual;
					};
					798CAD761E7A3FFA00D3C0C7 = {
						CreatedOnToolsVersion = 8.2.1;
						LastSwiftMigration = 1020;
						ProvisioningStyle = Automatic;
					};
					79FE853B1F6249760010B20A = {
						CreatedOnToolsVersion = 8.3.3;
						LastSwiftMigration = 1020;
						ProvisioningStyle = Automatic;
					};
				};
			};
			buildConfigurationList = 798CAD711E7A3FFA00D3C0C7 /* Build configuration list for PBXProject "Bumbo" */;
			compatibilityVersion = "Xcode 3.2";
			developmentRegion = en;
			hasScannedForEncodings = 0;
			knownRegions = (
				en,
				Base,
			);
			mainGroup = 798CAD6D1E7A3FFA00D3C0C7;
			productRefGroup = 798CAD781E7A3FFA00D3C0C7 /* Products */;
			projectDirPath = "";
			projectRoot = "";
			targets = (
				798CAD761E7A3FFA00D3C0C7 /* Bumbo */,
				7903B5D41E7CB7A300160352 /* Example */,
				79FE853B1F6249760010B20A /* BumboTests */,
			);
		};
/* End PBXProject section */

/* Begin PBXResourcesBuildPhase section */
		7903B5D31E7CB7A300160352 /* Resources */ = {
			isa = PBXResourcesBuildPhase;
			buildActionMask = 2147483647;
			files = (
				7903B5E21E7CB7A300160352 /* LaunchScreen.storyboard in Resources */,
				7903B5DF1E7CB7A300160352 /* Assets.xcassets in Resources */,
				7903B5DD1E7CB7A300160352 /* Main.storyboard in Resources */,
			);
			runOnlyForDeploymentPostprocessing = 0;
		};
		798CAD751E7A3FFA00D3C0C7 /* Resources */ = {
			isa = PBXResourcesBuildPhase;
			buildActionMask = 2147483647;
			files = (
			);
			runOnlyForDeploymentPostprocessing = 0;
		};
		79FE853A1F6249760010B20A /* Resources */ = {
			isa = PBXResourcesBuildPhase;
			buildActionMask = 2147483647;
			files = (
			);
			runOnlyForDeploymentPostprocessing = 0;
		};
/* End PBXResourcesBuildPhase section */

/* Begin PBXShellScriptBuildPhase section */
		79E9BD191F6253D300BFDF4C /* Copy Carthage Frameworks */ = {
			isa = PBXShellScriptBuildPhase;
			buildActionMask = 2147483647;
			files = (
			);
			inputPaths = (
				CryptoSwift.framework,
				Nimble.framework,
				Quick.framework,
			);
			name = "Copy Carthage Frameworks";
			outputPaths = (
			);
			runOnlyForDeploymentPostprocessing = 0;
			shellPath = /bin/sh;
			shellScript = "exec \"${SRCROOT}/scripts/copy-carthage-frameworks.sh\"";
		};
/* End PBXShellScriptBuildPhase section */

/* Begin PBXSourcesBuildPhase section */
		7903B5D11E7CB7A300160352 /* Sources */ = {
			isa = PBXSourcesBuildPhase;
			buildActionMask = 2147483647;
			files = (
				7903B5D81E7CB7A300160352 /* AppDelegate.swift in Sources */,
				7903B5DA1E7CB7A300160352 /* ViewController.swift in Sources */,
			);
			runOnlyForDeploymentPostprocessing = 0;
		};
		798CAD721E7A3FFA00D3C0C7 /* Sources */ = {
			isa = PBXSourcesBuildPhase;
			buildActionMask = 2147483647;
			files = (
				798CAD861E7A405200D3C0C7 /* Builder.swift in Sources */,
				798CAD891E7A405200D3C0C7 /* Filters.swift in Sources */,
				798CAD881E7A405200D3C0C7 /* Extensions.swift in Sources */,
				798CAD871E7A405200D3C0C7 /* Bumbo.swift in Sources */,
			);
			runOnlyForDeploymentPostprocessing = 0;
		};
		79FE85381F6249760010B20A /* Sources */ = {
			isa = PBXSourcesBuildPhase;
			buildActionMask = 2147483647;
			files = (
				79FE854C1F62499E0010B20A /* FiltersSpec.swift in Sources */,
				79FE854A1F62499E0010B20A /* BuilderSpec.swift in Sources */,
				79FE854B1F62499E0010B20A /* BumboSpec.swift in Sources */,
			);
			runOnlyForDeploymentPostprocessing = 0;
		};
/* End PBXSourcesBuildPhase section */

/* Begin PBXTargetDependency section */
		7903B5FE1E7CC7B500160352 /* PBXTargetDependency */ = {
			isa = PBXTargetDependency;
			target = 798CAD761E7A3FFA00D3C0C7 /* Bumbo */;
			targetProxy = 7903B5FD1E7CC7B500160352 /* PBXContainerItemProxy */;
		};
		79FE85431F6249760010B20A /* PBXTargetDependency */ = {
			isa = PBXTargetDependency;
			target = 798CAD761E7A3FFA00D3C0C7 /* Bumbo */;
			targetProxy = 79FE85421F6249760010B20A /* PBXContainerItemProxy */;
		};
/* End PBXTargetDependency section */

/* Begin PBXVariantGroup section */
		7903B5DB1E7CB7A300160352 /* Main.storyboard */ = {
			isa = PBXVariantGroup;
			children = (
				7903B5DC1E7CB7A300160352 /* Base */,
			);
			name = Main.storyboard;
			sourceTree = "<group>";
		};
		7903B5E01E7CB7A300160352 /* LaunchScreen.storyboard */ = {
			isa = PBXVariantGroup;
			children = (
				7903B5E11E7CB7A300160352 /* Base */,
			);
			name = LaunchScreen.storyboard;
			sourceTree = "<group>";
		};
/* End PBXVariantGroup section */

/* Begin XCBuildConfiguration section */
		7903B5E51E7CB7A300160352 /* Debug */ = {
			isa = XCBuildConfiguration;
			buildSettings = {
				ASSETCATALOG_COMPILER_APPICON_NAME = AppIcon;
				DEVELOPMENT_TEAM = "";
				FRAMEWORK_SEARCH_PATHS = (
					"$(inherited)",
					"$(PROJECT_DIR)/Carthage/Build/iOS",
				);
				INFOPLIST_FILE = Example/Info.plist;
				LD_RUNPATH_SEARCH_PATHS = "$(inherited) @executable_path/Frameworks";
				PRODUCT_BUNDLE_IDENTIFIER = com.guilherme.Example;
				PRODUCT_NAME = "$(TARGET_NAME)";
				SWIFT_SWIFT3_OBJC_INFERENCE = On;
				SWIFT_VERSION = 4.0;
			};
			name = Debug;
		};
		7903B5E61E7CB7A300160352 /* Release */ = {
			isa = XCBuildConfiguration;
			buildSettings = {
				ASSETCATALOG_COMPILER_APPICON_NAME = AppIcon;
				DEVELOPMENT_TEAM = "";
				FRAMEWORK_SEARCH_PATHS = (
					"$(inherited)",
					"$(PROJECT_DIR)/Carthage/Build/iOS",
				);
				INFOPLIST_FILE = Example/Info.plist;
				LD_RUNPATH_SEARCH_PATHS = "$(inherited) @executable_path/Frameworks";
				PRODUCT_BUNDLE_IDENTIFIER = com.guilherme.Example;
				PRODUCT_NAME = "$(TARGET_NAME)";
				SWIFT_SWIFT3_OBJC_INFERENCE = On;
				SWIFT_VERSION = 4.0;
			};
			name = Release;
		};
		798CAD7D1E7A3FFA00D3C0C7 /* Debug */ = {
			isa = XCBuildConfiguration;
			buildSettings = {
				ALWAYS_SEARCH_USER_PATHS = NO;
				CLANG_ANALYZER_NONNULL = YES;
				CLANG_CXX_LANGUAGE_STANDARD = "gnu++0x";
				CLANG_CXX_LIBRARY = "libc++";
				CLANG_ENABLE_MODULES = YES;
				CLANG_ENABLE_OBJC_ARC = YES;
				CLANG_WARN_BLOCK_CAPTURE_AUTORELEASING = YES;
				CLANG_WARN_BOOL_CONVERSION = YES;
				CLANG_WARN_COMMA = YES;
				CLANG_WARN_CONSTANT_CONVERSION = YES;
				CLANG_WARN_DEPRECATED_OBJC_IMPLEMENTATIONS = YES;
				CLANG_WARN_DIRECT_OBJC_ISA_USAGE = YES_ERROR;
				CLANG_WARN_DOCUMENTATION_COMMENTS = YES;
				CLANG_WARN_EMPTY_BODY = YES;
				CLANG_WARN_ENUM_CONVERSION = YES;
				CLANG_WARN_INFINITE_RECURSION = YES;
				CLANG_WARN_INT_CONVERSION = YES;
				CLANG_WARN_NON_LITERAL_NULL_CONVERSION = YES;
				CLANG_WARN_OBJC_IMPLICIT_RETAIN_SELF = YES;
				CLANG_WARN_OBJC_LITERAL_CONVERSION = YES;
				CLANG_WARN_OBJC_ROOT_CLASS = YES_ERROR;
				CLANG_WARN_RANGE_LOOP_ANALYSIS = YES;
				CLANG_WARN_STRICT_PROTOTYPES = YES;
				CLANG_WARN_SUSPICIOUS_MOVE = YES;
				CLANG_WARN_UNREACHABLE_CODE = YES;
				CLANG_WARN__DUPLICATE_METHOD_MATCH = YES;
				"CODE_SIGN_IDENTITY[sdk=iphoneos*]" = "iPhone Developer";
				COPY_PHASE_STRIP = NO;
				CURRENT_PROJECT_VERSION = 1;
				DEBUG_INFORMATION_FORMAT = dwarf;
				ENABLE_STRICT_OBJC_MSGSEND = YES;
				ENABLE_TESTABILITY = YES;
				GCC_C_LANGUAGE_STANDARD = gnu99;
				GCC_DYNAMIC_NO_PIC = NO;
				GCC_NO_COMMON_BLOCKS = YES;
				GCC_OPTIMIZATION_LEVEL = 0;
				GCC_PREPROCESSOR_DEFINITIONS = (
					"DEBUG=1",
					"$(inherited)",
				);
				GCC_WARN_64_TO_32_BIT_CONVERSION = YES;
				GCC_WARN_ABOUT_RETURN_TYPE = YES_ERROR;
				GCC_WARN_UNDECLARED_SELECTOR = YES;
				GCC_WARN_UNINITIALIZED_AUTOS = YES_AGGRESSIVE;
				GCC_WARN_UNUSED_FUNCTION = YES;
				GCC_WARN_UNUSED_VARIABLE = YES;
				IPHONEOS_DEPLOYMENT_TARGET = 10.2;
				MTL_ENABLE_DEBUG_INFO = YES;
				ONLY_ACTIVE_ARCH = YES;
				SDKROOT = iphoneos;
				SWIFT_ACTIVE_COMPILATION_CONDITIONS = DEBUG;
				SWIFT_OPTIMIZATION_LEVEL = "-Onone";
				SWIFT_SWIFT3_OBJC_INFERENCE = Off;
				TARGETED_DEVICE_FAMILY = "1,2";
				VERSIONING_SYSTEM = "apple-generic";
				VERSION_INFO_PREFIX = "";
			};
			name = Debug;
		};
		798CAD7E1E7A3FFA00D3C0C7 /* Release */ = {
			isa = XCBuildConfiguration;
			buildSettings = {
				ALWAYS_SEARCH_USER_PATHS = NO;
				CLANG_ANALYZER_NONNULL = YES;
				CLANG_CXX_LANGUAGE_STANDARD = "gnu++0x";
				CLANG_CXX_LIBRARY = "libc++";
				CLANG_ENABLE_MODULES = YES;
				CLANG_ENABLE_OBJC_ARC = YES;
				CLANG_WARN_BLOCK_CAPTURE_AUTORELEASING = YES;
				CLANG_WARN_BOOL_CONVERSION = YES;
				CLANG_WARN_COMMA = YES;
				CLANG_WARN_CONSTANT_CONVERSION = YES;
				CLANG_WARN_DEPRECATED_OBJC_IMPLEMENTATIONS = YES;
				CLANG_WARN_DIRECT_OBJC_ISA_USAGE = YES_ERROR;
				CLANG_WARN_DOCUMENTATION_COMMENTS = YES;
				CLANG_WARN_EMPTY_BODY = YES;
				CLANG_WARN_ENUM_CONVERSION = YES;
				CLANG_WARN_INFINITE_RECURSION = YES;
				CLANG_WARN_INT_CONVERSION = YES;
				CLANG_WARN_NON_LITERAL_NULL_CONVERSION = YES;
				CLANG_WARN_OBJC_IMPLICIT_RETAIN_SELF = YES;
				CLANG_WARN_OBJC_LITERAL_CONVERSION = YES;
				CLANG_WARN_OBJC_ROOT_CLASS = YES_ERROR;
				CLANG_WARN_RANGE_LOOP_ANALYSIS = YES;
				CLANG_WARN_STRICT_PROTOTYPES = YES;
				CLANG_WARN_SUSPICIOUS_MOVE = YES;
				CLANG_WARN_UNREACHABLE_CODE = YES;
				CLANG_WARN__DUPLICATE_METHOD_MATCH = YES;
				"CODE_SIGN_IDENTITY[sdk=iphoneos*]" = "iPhone Developer";
				COPY_PHASE_STRIP = NO;
				CURRENT_PROJECT_VERSION = 1;
				DEBUG_INFORMATION_FORMAT = "dwarf-with-dsym";
				ENABLE_NS_ASSERTIONS = NO;
				ENABLE_STRICT_OBJC_MSGSEND = YES;
				GCC_C_LANGUAGE_STANDARD = gnu99;
				GCC_NO_COMMON_BLOCKS = YES;
				GCC_WARN_64_TO_32_BIT_CONVERSION = YES;
				GCC_WARN_ABOUT_RETURN_TYPE = YES_ERROR;
				GCC_WARN_UNDECLARED_SELECTOR = YES;
				GCC_WARN_UNINITIALIZED_AUTOS = YES_AGGRESSIVE;
				GCC_WARN_UNUSED_FUNCTION = YES;
				GCC_WARN_UNUSED_VARIABLE = YES;
				IPHONEOS_DEPLOYMENT_TARGET = 10.2;
				MTL_ENABLE_DEBUG_INFO = NO;
				SDKROOT = iphoneos;
				SWIFT_OPTIMIZATION_LEVEL = "-Owholemodule";
				SWIFT_SWIFT3_OBJC_INFERENCE = Off;
				TARGETED_DEVICE_FAMILY = "1,2";
				VALIDATE_PRODUCT = YES;
				VERSIONING_SYSTEM = "apple-generic";
				VERSION_INFO_PREFIX = "";
			};
			name = Release;
		};
		798CAD801E7A3FFA00D3C0C7 /* Debug */ = {
			isa = XCBuildConfiguration;
			buildSettings = {
				CLANG_ENABLE_MODULES = YES;
				CODE_SIGN_IDENTITY = "";
				DEFINES_MODULE = YES;
				DYLIB_COMPATIBILITY_VERSION = 1;
				DYLIB_CURRENT_VERSION = 1;
				DYLIB_INSTALL_NAME_BASE = "@rpath";
				FRAMEWORK_SEARCH_PATHS = (
					"$(inherited)",
					"$(PROJECT_DIR)/Carthage/Build/iOS",
				);
				INFOPLIST_FILE = Bumbo/Info.plist;
				INSTALL_PATH = "$(LOCAL_LIBRARY_DIR)/Frameworks";
				IPHONEOS_DEPLOYMENT_TARGET = 8.0;
				LD_RUNPATH_SEARCH_PATHS = "$(inherited) @executable_path/Frameworks @loader_path/Frameworks";
				PRODUCT_BUNDLE_IDENTIFIER = com.guilherme.Bumbo;
				PRODUCT_NAME = "$(TARGET_NAME)";
				SKIP_INSTALL = YES;
				SWIFT_OPTIMIZATION_LEVEL = "-Onone";
				SWIFT_VERSION = 5.0;
			};
			name = Debug;
		};
		798CAD811E7A3FFA00D3C0C7 /* Release */ = {
			isa = XCBuildConfiguration;
			buildSettings = {
				CLANG_ENABLE_MODULES = YES;
				CODE_SIGN_IDENTITY = "";
				DEFINES_MODULE = YES;
				DYLIB_COMPATIBILITY_VERSION = 1;
				DYLIB_CURRENT_VERSION = 1;
				DYLIB_INSTALL_NAME_BASE = "@rpath";
				FRAMEWORK_SEARCH_PATHS = (
					"$(inherited)",
					"$(PROJECT_DIR)/Carthage/Build/iOS",
				);
				INFOPLIST_FILE = Bumbo/Info.plist;
				INSTALL_PATH = "$(LOCAL_LIBRARY_DIR)/Frameworks";
				IPHONEOS_DEPLOYMENT_TARGET = 8.0;
				LD_RUNPATH_SEARCH_PATHS = "$(inherited) @executable_path/Frameworks @loader_path/Frameworks";
				PRODUCT_BUNDLE_IDENTIFIER = com.guilherme.Bumbo;
				PRODUCT_NAME = "$(TARGET_NAME)";
				SKIP_INSTALL = YES;
				SWIFT_VERSION = 5.0;
			};
			name = Release;
		};
		79FE85441F6249760010B20A /* Debug */ = {
			isa = XCBuildConfiguration;
			buildSettings = {
				CLANG_ANALYZER_NUMBER_OBJECT_CONVERSION = YES_AGGRESSIVE;
				FRAMEWORK_SEARCH_PATHS = (
					"$(inherited)",
					"$(PROJECT_DIR)/Carthage/Build/iOS",
				);
				INFOPLIST_FILE = BumboTests/Info.plist;
				IPHONEOS_DEPLOYMENT_TARGET = 10.3;
				LD_RUNPATH_SEARCH_PATHS = "$(inherited) @executable_path/Frameworks @loader_path/Frameworks";
				PRODUCT_BUNDLE_IDENTIFIER = me.guilhermearaujo.BumboTests;
				PRODUCT_NAME = "$(TARGET_NAME)";
				SWIFT_VERSION = 5.0;
			};
			name = Debug;
		};
		79FE85451F6249760010B20A /* Release */ = {
			isa = XCBuildConfiguration;
			buildSettings = {
				CLANG_ANALYZER_NUMBER_OBJECT_CONVERSION = YES_AGGRESSIVE;
				FRAMEWORK_SEARCH_PATHS = (
					"$(inherited)",
					"$(PROJECT_DIR)/Carthage/Build/iOS",
				);
				INFOPLIST_FILE = BumboTests/Info.plist;
				IPHONEOS_DEPLOYMENT_TARGET = 10.3;
				LD_RUNPATH_SEARCH_PATHS = "$(inherited) @executable_path/Frameworks @loader_path/Frameworks";
				PRODUCT_BUNDLE_IDENTIFIER = me.guilhermearaujo.BumboTests;
				PRODUCT_NAME = "$(TARGET_NAME)";
				SWIFT_VERSION = 5.0;
			};
			name = Release;
		};
/* End XCBuildConfiguration section */

/* Begin XCConfigurationList section */
		7903B5E41E7CB7A300160352 /* Build configuration list for PBXNativeTarget "Example" */ = {
			isa = XCConfigurationList;
			buildConfigurations = (
				7903B5E51E7CB7A300160352 /* Debug */,
				7903B5E61E7CB7A300160352 /* Release */,
			);
			defaultConfigurationIsVisible = 0;
			defaultConfigurationName = Release;
		};
		798CAD711E7A3FFA00D3C0C7 /* Build configuration list for PBXProject "Bumbo" */ = {
			isa = XCConfigurationList;
			buildConfigurations = (
				798CAD7D1E7A3FFA00D3C0C7 /* Debug */,
				798CAD7E1E7A3FFA00D3C0C7 /* Release */,
			);
			defaultConfigurationIsVisible = 0;
			defaultConfigurationName = Release;
		};
		798CAD7F1E7A3FFA00D3C0C7 /* Build configuration list for PBXNativeTarget "Bumbo" */ = {
			isa = XCConfigurationList;
			buildConfigurations = (
				798CAD801E7A3FFA00D3C0C7 /* Debug */,
				798CAD811E7A3FFA00D3C0C7 /* Release */,
			);
			defaultConfigurationIsVisible = 0;
			defaultConfigurationName = Release;
		};
		79FE85461F6249760010B20A /* Build configuration list for PBXNativeTarget "BumboTests" */ = {
			isa = XCConfigurationList;
			buildConfigurations = (
				79FE85441F6249760010B20A /* Debug */,
				79FE85451F6249760010B20A /* Release */,
			);
			defaultConfigurationIsVisible = 0;
			defaultConfigurationName = Release;
		};
/* End XCConfigurationList section */
	};
	rootObject = 798CAD6E1E7A3FFA00D3C0C7 /* Project object */;
}
