// !$*UTF8*$!
{
	archiveVersion = 1;
	classes = {
	};
	objectVersion = 46;
	objects = {

/* Begin PBXBuildFile section */
		2CBDC3F7DCED09268CCDA636 /* Pods_Bumbo.framework in Frameworks */ = {isa = PBXBuildFile; fileRef = 909E5453A9BEA8FB4F30EE1C /* Pods_Bumbo.framework */; };
		798CAD7C1E7A3FFA00D3C0C7 /* Bumbo.h in Headers */ = {isa = PBXBuildFile; fileRef = 798CAD7A1E7A3FFA00D3C0C7 /* Bumbo.h */; settings = {ATTRIBUTES = (Public, ); }; };
		798CAD861E7A405200D3C0C7 /* Builder.swift in Sources */ = {isa = PBXBuildFile; fileRef = 798CAD821E7A405200D3C0C7 /* Builder.swift */; };
		798CAD871E7A405200D3C0C7 /* Bumbo.swift in Sources */ = {isa = PBXBuildFile; fileRef = 798CAD831E7A405200D3C0C7 /* Bumbo.swift */; };
		798CAD881E7A405200D3C0C7 /* Extensions.swift in Sources */ = {isa = PBXBuildFile; fileRef = 798CAD841E7A405200D3C0C7 /* Extensions.swift */; };
		798CAD891E7A405200D3C0C7 /* Filters.swift in Sources */ = {isa = PBXBuildFile; fileRef = 798CAD851E7A405200D3C0C7 /* Filters.swift */; };
/* End PBXBuildFile section */

/* Begin PBXFileReference section */
		0EC0F55A5CEE49339BEC5AC4 /* Pods-Bumbo.release.xcconfig */ = {isa = PBXFileReference; includeInIndex = 1; lastKnownFileType = text.xcconfig; name = "Pods-Bumbo.release.xcconfig"; path = "Pods/Target Support Files/Pods-Bumbo/Pods-Bumbo.release.xcconfig"; sourceTree = "<group>"; };
		4AE1E5E43A77954BA614CB97 /* Pods-Bumbo.debug.xcconfig */ = {isa = PBXFileReference; includeInIndex = 1; lastKnownFileType = text.xcconfig; name = "Pods-Bumbo.debug.xcconfig"; path = "Pods/Target Support Files/Pods-Bumbo/Pods-Bumbo.debug.xcconfig"; sourceTree = "<group>"; };
		798CAD771E7A3FFA00D3C0C7 /* Bumbo.framework */ = {isa = PBXFileReference; explicitFileType = wrapper.framework; includeInIndex = 0; path = Bumbo.framework; sourceTree = BUILT_PRODUCTS_DIR; };
		798CAD7A1E7A3FFA00D3C0C7 /* Bumbo.h */ = {isa = PBXFileReference; lastKnownFileType = sourcecode.c.h; path = Bumbo.h; sourceTree = "<group>"; };
		798CAD7B1E7A3FFA00D3C0C7 /* Info.plist */ = {isa = PBXFileReference; lastKnownFileType = text.plist.xml; path = Info.plist; sourceTree = "<group>"; };
		798CAD821E7A405200D3C0C7 /* Builder.swift */ = {isa = PBXFileReference; fileEncoding = 4; lastKnownFileType = sourcecode.swift; path = Builder.swift; sourceTree = "<group>"; };
		798CAD831E7A405200D3C0C7 /* Bumbo.swift */ = {isa = PBXFileReference; fileEncoding = 4; lastKnownFileType = sourcecode.swift; path = Bumbo.swift; sourceTree = "<group>"; };
		798CAD841E7A405200D3C0C7 /* Extensions.swift */ = {isa = PBXFileReference; fileEncoding = 4; lastKnownFileType = sourcecode.swift; path = Extensions.swift; sourceTree = "<group>"; };
		798CAD851E7A405200D3C0C7 /* Filters.swift */ = {isa = PBXFileReference; fileEncoding = 4; lastKnownFileType = sourcecode.swift; path = Filters.swift; sourceTree = "<group>"; };
		909E5453A9BEA8FB4F30EE1C /* Pods_Bumbo.framework */ = {isa = PBXFileReference; explicitFileType = wrapper.framework; includeInIndex = 0; path = Pods_Bumbo.framework; sourceTree = BUILT_PRODUCTS_DIR; };
/* End PBXFileReference section */

/* Begin PBXFrameworksBuildPhase section */
		798CAD731E7A3FFA00D3C0C7 /* Frameworks */ = {
			isa = PBXFrameworksBuildPhase;
			buildActionMask = 2147483647;
			files = (
				2CBDC3F7DCED09268CCDA636 /* Pods_Bumbo.framework in Frameworks */,
			);
			runOnlyForDeploymentPostprocessing = 0;
		};
/* End PBXFrameworksBuildPhase section */

/* Begin PBXGroup section */
		798CAD6D1E7A3FFA00D3C0C7 = {
			isa = PBXGroup;
			children = (
				798CAD791E7A3FFA00D3C0C7 /* Bumbo */,
				798CAD781E7A3FFA00D3C0C7 /* Products */,
				A608AA035BED6145F1465A8B /* Pods */,
				DA9FDAB27C3FB10DC0439934 /* Frameworks */,
			);
			sourceTree = "<group>";
		};
		798CAD781E7A3FFA00D3C0C7 /* Products */ = {
			isa = PBXGroup;
			children = (
				798CAD771E7A3FFA00D3C0C7 /* Bumbo.framework */,
			);
			name = Products;
			sourceTree = "<group>";
		};
		798CAD791E7A3FFA00D3C0C7 /* Bumbo */ = {
			isa = PBXGroup;
			children = (
				798CAD821E7A405200D3C0C7 /* Builder.swift */,
				798CAD831E7A405200D3C0C7 /* Bumbo.swift */,
				798CAD841E7A405200D3C0C7 /* Extensions.swift */,
				798CAD851E7A405200D3C0C7 /* Filters.swift */,
				798CAD7A1E7A3FFA00D3C0C7 /* Bumbo.h */,
				798CAD7B1E7A3FFA00D3C0C7 /* Info.plist */,
			);
			path = Bumbo;
			sourceTree = "<group>";
		};
		A608AA035BED6145F1465A8B /* Pods */ = {
			isa = PBXGroup;
			children = (
				4AE1E5E43A77954BA614CB97 /* Pods-Bumbo.debug.xcconfig */,
				0EC0F55A5CEE49339BEC5AC4 /* Pods-Bumbo.release.xcconfig */,
			);
			name = Pods;
			sourceTree = "<group>";
		};
		DA9FDAB27C3FB10DC0439934 /* Frameworks */ = {
			isa = PBXGroup;
			children = (
				909E5453A9BEA8FB4F30EE1C /* Pods_Bumbo.framework */,
			);
			name = Frameworks;
			sourceTree = "<group>";
		};
/* End PBXGroup section */

/* Begin PBXHeadersBuildPhase section */
		798CAD741E7A3FFA00D3C0C7 /* Headers */ = {
			isa = PBXHeadersBuildPhase;
			buildActionMask = 2147483647;
			files = (
				798CAD7C1E7A3FFA00D3C0C7 /* Bumbo.h in Headers */,
			);
			runOnlyForDeploymentPostprocessing = 0;
		};
/* End PBXHeadersBuildPhase section */

/* Begin PBXNativeTarget section */
		798CAD761E7A3FFA00D3C0C7 /* Bumbo */ = {
			isa = PBXNativeTarget;
			buildConfigurationList = 798CAD7F1E7A3FFA00D3C0C7 /* Build configuration list for PBXNativeTarget "Bumbo" */;
			buildPhases = (
				B49F658BAF446ADE73586552 /* [CP] Check Pods Manifest.lock */,
				798CAD721E7A3FFA00D3C0C7 /* Sources */,
				798CAD731E7A3FFA00D3C0C7 /* Frameworks */,
				798CAD741E7A3FFA00D3C0C7 /* Headers */,
				798CAD751E7A3FFA00D3C0C7 /* Resources */,
				57D941510183E96979F0D9F0 /* [CP] Copy Pods Resources */,
			);
			buildRules = (
			);
			dependencies = (
			);
			name = Bumbo;
			productName = Bumbo;
			productReference = 798CAD771E7A3FFA00D3C0C7 /* Bumbo.framework */;
			productType = "com.apple.product-type.framework";
		};
/* End PBXNativeTarget section */

/* Begin PBXProject section */
		798CAD6E1E7A3FFA00D3C0C7 /* Project object */ = {
			isa = PBXProject;
			attributes = {
				LastUpgradeCheck = 0820;
				ORGANIZATIONNAME = "Guilherme Araújo";
				TargetAttributes = {
					798CAD761E7A3FFA00D3C0C7 = {
						CreatedOnToolsVersion = 8.2.1;
						LastSwiftMigration = 0820;
						ProvisioningStyle = Automatic;
					};
				};
			};
			buildConfigurationList = 798CAD711E7A3FFA00D3C0C7 /* Build configuration list for PBXProject "Bumbo" */;
			compatibilityVersion = "Xcode 3.2";
			developmentRegion = English;
			hasScannedForEncodings = 0;
			knownRegions = (
				en,
			);
			mainGroup = 798CAD6D1E7A3FFA00D3C0C7;
			productRefGroup = 798CAD781E7A3FFA00D3C0C7 /* Products */;
			projectDirPath = "";
			projectRoot = "";
			targets = (
				798CAD761E7A3FFA00D3C0C7 /* Bumbo */,
			);
		};
/* End PBXProject section */

/* Begin PBXResourcesBuildPhase section */
		798CAD751E7A3FFA00D3C0C7 /* Resources */ = {
			isa = PBXResourcesBuildPhase;
			buildActionMask = 2147483647;
			files = (
			);
			runOnlyForDeploymentPostprocessing = 0;
		};
/* End PBXResourcesBuildPhase section */

/* Begin PBXShellScriptBuildPhase section */
		57D941510183E96979F0D9F0 /* [CP] Copy Pods Resources */ = {
			isa = PBXShellScriptBuildPhase;
			buildActionMask = 2147483647;
			files = (
			);
			inputPaths = (
			);
			name = "[CP] Copy Pods Resources";
			outputPaths = (
			);
			runOnlyForDeploymentPostprocessing = 0;
			shellPath = /bin/sh;
			shellScript = "\"${SRCROOT}/Pods/Target Support Files/Pods-Bumbo/Pods-Bumbo-resources.sh\"\n";
			showEnvVarsInLog = 0;
		};
		B49F658BAF446ADE73586552 /* [CP] Check Pods Manifest.lock */ = {
			isa = PBXShellScriptBuildPhase;
			buildActionMask = 2147483647;
			files = (
			);
			inputPaths = (
			);
			name = "[CP] Check Pods Manifest.lock";
			outputPaths = (
			);
			runOnlyForDeploymentPostprocessing = 0;
			shellPath = /bin/sh;
			shellScript = "diff \"${PODS_ROOT}/../Podfile.lock\" \"${PODS_ROOT}/Manifest.lock\" > /dev/null\nif [ $? != 0 ] ; then\n    # print error to STDERR\n    echo \"error: The sandbox is not in sync with the Podfile.lock. Run 'pod install' or update your CocoaPods installation.\" >&2\n    exit 1\nfi\n";
			showEnvVarsInLog = 0;
		};
/* End PBXShellScriptBuildPhase section */

/* Begin PBXSourcesBuildPhase section */
		798CAD721E7A3FFA00D3C0C7 /* Sources */ = {
			isa = PBXSourcesBuildPhase;
			buildActionMask = 2147483647;
			files = (
				798CAD861E7A405200D3C0C7 /* Builder.swift in Sources */,
				798CAD891E7A405200D3C0C7 /* Filters.swift in Sources */,
				798CAD881E7A405200D3C0C7 /* Extensions.swift in Sources */,
				798CAD871E7A405200D3C0C7 /* Bumbo.swift in Sources */,
			);
			runOnlyForDeploymentPostprocessing = 0;
		};
/* End PBXSourcesBuildPhase section */

/* Begin XCBuildConfiguration section */
		798CAD7D1E7A3FFA00D3C0C7 /* Debug */ = {
			isa = XCBuildConfiguration;
			buildSettings = {
				ALWAYS_SEARCH_USER_PATHS = NO;
				CLANG_ANALYZER_NONNULL = YES;
				CLANG_CXX_LANGUAGE_STANDARD = "gnu++0x";
				CLANG_CXX_LIBRARY = "libc++";
				CLANG_ENABLE_MODULES = YES;
				CLANG_ENABLE_OBJC_ARC = YES;
				CLANG_WARN_BOOL_CONVERSION = YES;
				CLANG_WARN_CONSTANT_CONVERSION = YES;
				CLANG_WARN_DIRECT_OBJC_ISA_USAGE = YES_ERROR;
				CLANG_WARN_DOCUMENTATION_COMMENTS = YES;
				CLANG_WARN_EMPTY_BODY = YES;
				CLANG_WARN_ENUM_CONVERSION = YES;
				CLANG_WARN_INFINITE_RECURSION = YES;
				CLANG_WARN_INT_CONVERSION = YES;
				CLANG_WARN_OBJC_ROOT_CLASS = YES_ERROR;
				CLANG_WARN_SUSPICIOUS_MOVE = YES;
				CLANG_WARN_UNREACHABLE_CODE = YES;
				CLANG_WARN__DUPLICATE_METHOD_MATCH = YES;
				"CODE_SIGN_IDENTITY[sdk=iphoneos*]" = "iPhone Developer";
				COPY_PHASE_STRIP = NO;
				CURRENT_PROJECT_VERSION = 1;
				DEBUG_INFORMATION_FORMAT = dwarf;
				ENABLE_STRICT_OBJC_MSGSEND = YES;
				ENABLE_TESTABILITY = YES;
				GCC_C_LANGUAGE_STANDARD = gnu99;
				GCC_DYNAMIC_NO_PIC = NO;
				GCC_NO_COMMON_BLOCKS = YES;
				GCC_OPTIMIZATION_LEVEL = 0;
				GCC_PREPROCESSOR_DEFINITIONS = (
					"DEBUG=1",
					"$(inherited)",
				);
				GCC_WARN_64_TO_32_BIT_CONVERSION = YES;
				GCC_WARN_ABOUT_RETURN_TYPE = YES_ERROR;
				GCC_WARN_UNDECLARED_SELECTOR = YES;
				GCC_WARN_UNINITIALIZED_AUTOS = YES_AGGRESSIVE;
				GCC_WARN_UNUSED_FUNCTION = YES;
				GCC_WARN_UNUSED_VARIABLE = YES;
				IPHONEOS_DEPLOYMENT_TARGET = 10.2;
				MTL_ENABLE_DEBUG_INFO = YES;
				ONLY_ACTIVE_ARCH = YES;
				SDKROOT = iphoneos;
				SWIFT_ACTIVE_COMPILATION_CONDITIONS = DEBUG;
				SWIFT_OPTIMIZATION_LEVEL = "-Onone";
				TARGETED_DEVICE_FAMILY = "1,2";
				VERSIONING_SYSTEM = "apple-generic";
				VERSION_INFO_PREFIX = "";
			};
			name = Debug;
		};
		798CAD7E1E7A3FFA00D3C0C7 /* Release */ = {
			isa = XCBuildConfiguration;
			buildSettings = {
				ALWAYS_SEARCH_USER_PATHS = NO;
				CLANG_ANALYZER_NONNULL = YES;
				CLANG_CXX_LANGUAGE_STANDARD = "gnu++0x";
				CLANG_CXX_LIBRARY = "libc++";
				CLANG_ENABLE_MODULES = YES;
				CLANG_ENABLE_OBJC_ARC = YES;
				CLANG_WARN_BOOL_CONVERSION = YES;
				CLANG_WARN_CONSTANT_CONVERSION = YES;
				CLANG_WARN_DIRECT_OBJC_ISA_USAGE = YES_ERROR;
				CLANG_WARN_DOCUMENTATION_COMMENTS = YES;
				CLANG_WARN_EMPTY_BODY = YES;
				CLANG_WARN_ENUM_CONVERSION = YES;
				CLANG_WARN_INFINITE_RECURSION = YES;
				CLANG_WARN_INT_CONVERSION = YES;
				CLANG_WARN_OBJC_ROOT_CLASS = YES_ERROR;
				CLANG_WARN_SUSPICIOUS_MOVE = YES;
				CLANG_WARN_UNREACHABLE_CODE = YES;
				CLANG_WARN__DUPLICATE_METHOD_MATCH = YES;
				"CODE_SIGN_IDENTITY[sdk=iphoneos*]" = "iPhone Developer";
				COPY_PHASE_STRIP = NO;
				CURRENT_PROJECT_VERSION = 1;
				DEBUG_INFORMATION_FORMAT = "dwarf-with-dsym";
				ENABLE_NS_ASSERTIONS = NO;
				ENABLE_STRICT_OBJC_MSGSEND = YES;
				GCC_C_LANGUAGE_STANDARD = gnu99;
				GCC_NO_COMMON_BLOCKS = YES;
				GCC_WARN_64_TO_32_BIT_CONVERSION = YES;
				GCC_WARN_ABOUT_RETURN_TYPE = YES_ERROR;
				GCC_WARN_UNDECLARED_SELECTOR = YES;
				GCC_WARN_UNINITIALIZED_AUTOS = YES_AGGRESSIVE;
				GCC_WARN_UNUSED_FUNCTION = YES;
				GCC_WARN_UNUSED_VARIABLE = YES;
				IPHONEOS_DEPLOYMENT_TARGET = 10.2;
				MTL_ENABLE_DEBUG_INFO = NO;
				SDKROOT = iphoneos;
				SWIFT_OPTIMIZATION_LEVEL = "-Owholemodule";
				TARGETED_DEVICE_FAMILY = "1,2";
				VALIDATE_PRODUCT = YES;
				VERSIONING_SYSTEM = "apple-generic";
				VERSION_INFO_PREFIX = "";
			};
			name = Release;
		};
		798CAD801E7A3FFA00D3C0C7 /* Debug */ = {
			isa = XCBuildConfiguration;
			baseConfigurationReference = 4AE1E5E43A77954BA614CB97 /* Pods-Bumbo.debug.xcconfig */;
			buildSettings = {
				CLANG_ENABLE_MODULES = YES;
				CODE_SIGN_IDENTITY = "";
				DEFINES_MODULE = YES;
				DYLIB_COMPATIBILITY_VERSION = 1;
				DYLIB_CURRENT_VERSION = 1;
				DYLIB_INSTALL_NAME_BASE = "@rpath";
				INFOPLIST_FILE = Bumbo/Info.plist;
				INSTALL_PATH = "$(LOCAL_LIBRARY_DIR)/Frameworks";
				IPHONEOS_DEPLOYMENT_TARGET = 8.0;
				LD_RUNPATH_SEARCH_PATHS = "$(inherited) @executable_path/Frameworks @loader_path/Frameworks";
				PRODUCT_BUNDLE_IDENTIFIER = com.guilherme.Bumbo;
				PRODUCT_NAME = "$(TARGET_NAME)";
				SKIP_INSTALL = YES;
				SWIFT_OPTIMIZATION_LEVEL = "-Onone";
				SWIFT_VERSION = 3.0;
			};
			name = Debug;
		};
		798CAD811E7A3FFA00D3C0C7 /* Release */ = {
			isa = XCBuildConfiguration;
			baseConfigurationReference = 0EC0F55A5CEE49339BEC5AC4 /* Pods-Bumbo.release.xcconfig */;
			buildSettings = {
				CLANG_ENABLE_MODULES = YES;
				CODE_SIGN_IDENTITY = "";
				DEFINES_MODULE = YES;
				DYLIB_COMPATIBILITY_VERSION = 1;
				DYLIB_CURRENT_VERSION = 1;
				DYLIB_INSTALL_NAME_BASE = "@rpath";
				INFOPLIST_FILE = Bumbo/Info.plist;
				INSTALL_PATH = "$(LOCAL_LIBRARY_DIR)/Frameworks";
				IPHONEOS_DEPLOYMENT_TARGET = 8.0;
				LD_RUNPATH_SEARCH_PATHS = "$(inherited) @executable_path/Frameworks @loader_path/Frameworks";
				PRODUCT_BUNDLE_IDENTIFIER = com.guilherme.Bumbo;
				PRODUCT_NAME = "$(TARGET_NAME)";
				SKIP_INSTALL = YES;
				SWIFT_VERSION = 3.0;
			};
			name = Release;
		};
/* End XCBuildConfiguration section */

/* Begin XCConfigurationList section */
		798CAD711E7A3FFA00D3C0C7 /* Build configuration list for PBXProject "Bumbo" */ = {
			isa = XCConfigurationList;
			buildConfigurations = (
				798CAD7D1E7A3FFA00D3C0C7 /* Debug */,
				798CAD7E1E7A3FFA00D3C0C7 /* Release */,
			);
			defaultConfigurationIsVisible = 0;
			defaultConfigurationName = Release;
		};
		798CAD7F1E7A3FFA00D3C0C7 /* Build configuration list for PBXNativeTarget "Bumbo" */ = {
			isa = XCConfigurationList;
			buildConfigurations = (
				798CAD801E7A3FFA00D3C0C7 /* Debug */,
				798CAD811E7A3FFA00D3C0C7 /* Release */,
			);
			defaultConfigurationIsVisible = 0;
			defaultConfigurationName = Release;
		};
/* End XCConfigurationList section */
	};
	rootObject = 798CAD6E1E7A3FFA00D3C0C7 /* Project object */;
}
